{
  "name": "ssi-encode",
  "version": "2.0.0",
  "lockfileVersion": 1,
  "requires": true,
  "dependencies": {
    "async": {
      "version": "2.6.4",
      "resolved": "https://registry.npmjs.org/async/-/async-2.6.4.tgz",
      "integrity": "sha512-mzo5dfJYwAn29PeiJ0zvwTo04zj8HDJj0Mn8TD7sno7q12prdbnasKJHhkm2c1LgrhlJ0teaea8860oxi51mGA==",
      "requires": {
        "lodash": "^4.17.14"
      }
    },
    "clone": {
      "version": "1.0.4",
      "resolved": "https://registry.npmjs.org/clone/-/clone-1.0.4.tgz",
      "integrity": "sha1-2jCcwmPfFZlMaIypAheco8fNfH4="
    },
    "defaults": {
      "version": "1.0.3",
      "resolved": "https://registry.npmjs.org/defaults/-/defaults-1.0.3.tgz",
      "integrity": "sha1-xlYFHpgX2f8I7YgUd/P+QBnz730=",
      "requires": {
        "clone": "^1.0.2"
      }
    },
    "extend": {
      "version": "3.0.2",
      "resolved": "https://registry.npmjs.org/extend/-/extend-3.0.2.tgz",
      "integrity": "sha512-fjquC59cD7CyW6urNXK0FBufkZcoiGG80wTuPujX590cB5Ttln20E2UB4S/WARVqhXffZl2LNgS+gQdPIIim/g=="
    },
    "fs": {
      "version": "0.0.1-security",
      "resolved": "https://registry.npmjs.org/fs/-/fs-0.0.1-security.tgz",
      "integrity": "sha1-invTcYa23d84E/I4WLV+yq9eQdQ="
    },
    "iconv-lite": {
      "version": "0.4.24",
      "resolved": "https://registry.npmjs.org/iconv-lite/-/iconv-lite-0.4.24.tgz",
      "integrity": "sha512-v3MXnZAcvnywkTUEZomIActle7RXXeedOR31wwl7VlyoXO4Qi9arvSenNQWne1TcRwhCL1HwLI21bEqdpj8/rA==",
      "requires": {
        "safer-buffer": ">= 2.1.2 < 3"
      }
    },
    "inherits": {
      "version": "2.0.3",
      "resolved": "https://registry.npmjs.org/inherits/-/inherits-2.0.3.tgz",
      "integrity": "sha1-Yzwsg+PaQqUC9SRmAiSA9CCCYd4="
    },
    "jschardet": {
      "version": "1.6.0",
      "resolved": "https://registry.npmjs.org/jschardet/-/jschardet-1.6.0.tgz",
      "integrity": "sha512-xYuhvQ7I9PDJIGBWev9xm0+SMSed3ZDBAmvVjbFR1ZRLAF+vlXcQu6cRI9uAlj81rzikElRVteehwV7DuX2ZmQ=="
    },
    "lodash": {
      "version": "4.17.21",
      "resolved": "https://registry.npmjs.org/lodash/-/lodash-4.17.21.tgz",
      "integrity": "sha512-v2kDEe57lecTulaDIuNTPy3Ry4gLGJ6Z1O3vE1krgXZNrsQ+LFTGHVxVjcXPs17LhbZVGedAJv8XZ1tvj5FvSg=="
    },
    "node-ssi": {
      "version": "0.3.2",
      "resolved": "https://registry.npmjs.org/node-ssi/-/node-ssi-0.3.2.tgz",
      "integrity": "sha1-C/Uah+YMbnL2zpzhXnNnUNDm1ik=",
      "requires": {
        "async": "~1.4.2",
        "extend": "~3.0.0"
      },
      "dependencies": {
        "async": {
          "version": "1.4.2",
          "resolved": "https://registry.npmjs.org/async/-/async-1.4.2.tgz",
          "integrity": "sha1-bJ7csRztTw3S8tQNsNSaEJwIiqs="
        }
      }
    },
    "path": {
      "version": "0.12.7",
      "resolved": "https://registry.npmjs.org/path/-/path-0.12.7.tgz",
      "integrity": "sha1-1NwqUGxM4hl+tIHr/NWzbAFAsQ8=",
      "requires": {
        "process": "^0.11.1",
        "util": "^0.10.3"
      }
    },
    "process": {
      "version": "0.11.10",
      "resolved": "https://registry.npmjs.org/process/-/process-0.11.10.tgz",
      "integrity": "sha1-czIwDoQBYb2j5podHZGn1LwW8YI="
    },
    "safer-buffer": {
      "version": "2.1.2",
      "resolved": "https://registry.npmjs.org/safer-buffer/-/safer-buffer-2.1.2.tgz",
      "integrity": "sha512-YZo3K82SD7Riyi0E1EQPojLz7kpepnSQI9IyPbHHg1XXXevb5dJI7tpyN2ADxGcQbHG7vcyRHk0cbwqcQriUtg=="
    },
    "util": {
      "version": "0.10.4",
      "resolved": "https://registry.npmjs.org/util/-/util-0.10.4.tgz",
      "integrity": "sha512-0Pm9hTQ3se5ll1XihRic3FDIku70C+iHUdT/W926rSgHV5QgXsYbKZN8MSC3tJtSkhuROzvsQjAaFENRXr+19A==",
      "requires": {
        "inherits": "2.0.3"
      }
    }
  }
}
